
Microsoft Visual Studio Solution File, Format Version 12.00
# Visual Studio Version 16
VisualStudioVersion = 16.0.810.19
MinimumVisualStudioVersion = 10.0.40219.1
Project("{FAE04EC0-301F-11D3-BF4B-00C04F79EFBC}") = "csharp-api-example", "csharp-api-example\csharp-api-example.csproj", "{D2363028-F650-4E5E-AA3F-C7EC1975473B}"
EndProject
Project("{FAE04EC0-301F-11D3-BF4B-00C04F79EFBC}") = "csharpi-api-tests", "csharpi-api-tests\csharpi-api-tests.csproj", "{1A8031A4-B1C2-4E5E-8650-0610EC02A3B3}"
EndProject
Project("{2150E333-8FDC-42A3-9474-1A3956D46DE8}") = "Solution Items", "Solution Items", "{A5FCF52C-4D61-4F68-B293-421141F331A4}"
	ProjectSection(SolutionItems) = preProject
		CODE_OF_CONDUCT.md = CODE_OF_CONDUCT.md
		CONTRIBUTING.md = CONTRIBUTING.md
		LICENSE.md = LICENSE.md
		README.md = README.md
	EndProjectSection
EndProject
Project("{E53339B2-1760-4266-BCC7-CA923CBCF16C}") = "docker-compose", "docker-compose.dcproj", "{EA3017A3-7C56-43AD-9B04-AD95888420CC}"
EndProject
Global
	GlobalSection(SolutionConfigurationPlatforms) = preSolution
		Debug|Any CPU = Debug|Any CPU
		Release|Any CPU = Release|Any CPU
	EndGlobalSection
	GlobalSection(ProjectConfigurationPlatforms) = postSolution
		{D2363028-F650-4E5E-AA3F-C7EC1975473B}.Debug|Any CPU.ActiveCfg = Debug|Any CPU
		{D2363028-F650-4E5E-AA3F-C7EC1975473B}.Debug|Any CPU.Build.0 = Debug|Any CPU
		{D2363028-F650-4E5E-AA3F-C7EC1975473B}.Release|Any CPU.ActiveCfg = Release|Any CPU
		{D2363028-F650-4E5E-AA3F-C7EC1975473B}.Release|Any CPU.Build.0 = Release|Any CPU
		{1A8031A4-B1C2-4E5E-8650-0610EC02A3B3}.Debug|Any CPU.ActiveCfg = Debug|Any CPU
		{1A8031A4-B1C2-4E5E-8650-0610EC02A3B3}.Debug|Any CPU.Build.0 = Debug|Any CPU
		{1A8031A4-B1C2-4E5E-8650-0610EC02A3B3}.Release|Any CPU.ActiveCfg = Release|Any CPU
		{1A8031A4-B1C2-4E5E-8650-0610EC02A3B3}.Release|Any CPU.Build.0 = Release|Any CPU
		{EA3017A3-7C56-43AD-9B04-AD95888420CC}.Debug|Any CPU.ActiveCfg = Debug|Any CPU
		{EA3017A3-7C56-43AD-9B04-AD95888420CC}.Debug|Any CPU.Build.0 = Debug|Any CPU
		{EA3017A3-7C56-43AD-9B04-AD95888420CC}.Release|Any CPU.ActiveCfg = Release|Any CPU
		{EA3017A3-7C56-43AD-9B04-AD95888420CC}.Release|Any CPU.Build.0 = Release|Any CPU
	EndGlobalSection
	GlobalSection(SolutionProperties) = preSolution
		HideSolutionNode = FALSE
	EndGlobalSection
	GlobalSection(ExtensibilityGlobals) = postSolution
		SolutionGuid = {63A53E8A-E7E2-4DC8-9F9F-751F4182B1F8}
	EndGlobalSection
EndGlobal
